
Microsoft Visual Studio Solution File, Format Version 12.00
# Visual Studio Version 17
VisualStudioVersion = 17.11.35222.181
MinimumVisualStudioVersion = 10.0.40219.1
Project("{FAE04EC0-301F-11D3-BF4B-00C04F79EFBC}") = "HomeWork7", "HomeWork7\HomeWork7.csproj", "{5A78F7D0-A2E6-4FF6-A179-64367346D6B3}"
EndProject
Global
	GlobalSection(SolutionConfigurationPlatforms) = preSolution
		Debug|Any CPU = Debug|Any CPU
		Release|Any CPU = Release|Any CPU
	EndGlobalSection
	GlobalSection(ProjectConfigurationPlatforms) = postSolution
		{5A78F7D0-A2E6-4FF6-A179-64367346D6B3}.Debug|Any CPU.ActiveCfg = Debug|Any CPU
		{5A78F7D0-A2E6-4FF6-A179-64367346D6B3}.Debug|Any CPU.Build.0 = Debug|Any CPU
		{5A78F7D0-A2E6-4FF6-A179-64367346D6B3}.Release|Any CPU.ActiveCfg = Release|Any CPU
		{5A78F7D0-A2E6-4FF6-A179-64367346D6B3}.Release|Any CPU.Build.0 = Release|Any CPU
	EndGlobalSection
	GlobalSection(SolutionProperties) = preSolution
		HideSolutionNode = FALSE
	EndGlobalSection
	GlobalSection(ExtensibilityGlobals) = postSolution
		SolutionGuid = {DE8FA4E6-C51A-4B4E-A083-D8E9A5565C52}
	EndGlobalSection
EndGlobal
